
Microsoft Visual Studio Solution File, Format Version 12.00
# Visual Studio 14
VisualStudioVersion = 14.0.25420.1
MinimumVisualStudioVersion = 10.0.40219.1
Project("{FAE04EC0-301F-11D3-BF4B-00C04F79EFBC}") = "NetduionoHelpers", "..\NetduionoHelpers\NetduionoHelpers.csproj", "{080B3342-8376-46D3-BD1B-6109009DA984}"
EndProject
Project("{2150E333-8FDC-42A3-9474-1A3956D46DE8}") = "Solution Items", "Solution Items", "{82B29908-63D4-4F6F-B6C0-97F82D3B6A1D}"
	ProjectSection(SolutionItems) = preProject
		DeviceServer.vsmdi = DeviceServer.vsmdi
		Local.testsettings = Local.testsettings
		TraceAndTestImpact.testsettings = TraceAndTestImpact.testsettings
	EndProjectSection
EndProject
Project("{FAE04EC0-301F-11D3-BF4B-00C04F79EFBC}") = "DeviceServer.Base", "DeviceServer.Base\DeviceServer.Base.csproj", "{E7B28E42-5739-4CF5-9FAD-59DADED57A2A}"
EndProject
Project("{FAE04EC0-301F-11D3-BF4B-00C04F79EFBC}") = "Tests.DeviceServer", "Tests.DeviceServer\Tests.DeviceServer.csproj", "{B31F65A1-BA3A-420B-AFA6-4EEB8F2123B8}"
EndProject
Project("{FAE04EC0-301F-11D3-BF4B-00C04F79EFBC}") = "Gsiot.Server", "Gsiot.Server\Gsiot.Server\Gsiot.Server.csproj", "{B49B59E3-5208-46B6-9E1D-FA3C276E98FF}"
EndProject
Project("{FAE04EC0-301F-11D3-BF4B-00C04F79EFBC}") = "Gsiot.Server.Simpulator", "..\Gsiot.Server.Simpulator\Gsiot.Server.Simpulator.csproj", "{DB523EC2-9D56-4704-B147-BA69DAA47405}"
EndProject
Project("{FAE04EC0-301F-11D3-BF4B-00C04F79EFBC}") = "fastJSON", "..\fastJSON\fastJSON.csproj", "{207E91B1-C9F8-4913-88E1-3549EF5F3273}"
EndProject
Project("{FAE04EC0-301F-11D3-BF4B-00C04F79EFBC}") = "GlobalDataContracts", "..\GlobalDataContracts\GlobalDataContracts.csproj", "{71EFCEE4-0F4C-410E-9328-A9E9C3805FAB}"
EndProject
Project("{FAE04EC0-301F-11D3-BF4B-00C04F79EFBC}") = "CentralServerService", "..\CentralServerService\CentralServerService.csproj", "{BF94675D-8E1C-482E-A728-B2688C5D1855}"
EndProject
Project("{FAE04EC0-301F-11D3-BF4B-00C04F79EFBC}") = "Common.Server", "..\Common.Server\Common.Server.csproj", "{1E3C334D-8FAC-46F4-8CE5-286B4600289E}"
EndProject
Project("{FAE04EC0-301F-11D3-BF4B-00C04F79EFBC}") = "CentralServerService.Launcher", "..\CentralServerServiceLauncher\CentralServerService.Launcher.csproj", "{BCA5EFCB-DACD-4FE1-A538-4B709692FAD5}"
EndProject
Project("{FAE04EC0-301F-11D3-BF4B-00C04F79EFBC}") = "GatewayServiceContract", "..\GatewayServiceContract\GatewayServiceContract.csproj", "{E67B47C9-8FE6-470A-BD7E-34D301E0482D}"
EndProject
Project("{FAE04EC0-301F-11D3-BF4B-00C04F79EFBC}") = "NetMF.CommonExtensions", "..\NetMF.CommonExtensions\NetMF.CommonExtensions.csproj", "{D8083FD3-E49A-4DB1-8B92-C6F74E183419}"
EndProject
Project("{FAE04EC0-301F-11D3-BF4B-00C04F79EFBC}") = "DataStorageAccess", "..\DataStorageAccess\DataStorageAccess.csproj", "{502A852C-690F-4716-8E64-04405C8A367D}"
EndProject
Project("{FAE04EC0-301F-11D3-BF4B-00C04F79EFBC}") = "ValueManagement", "..\ValueManagement\ValueManagement.csproj", "{3AF18E42-9BAE-4566-93E6-C4ECEDD05086}"
EndProject
Project("{FAE04EC0-301F-11D3-BF4B-00C04F79EFBC}") = "GatewayService.Tests", "..\GatewayService.Test\GatewayService.Tests.csproj", "{8F00DBE0-FC7D-4FB5-B367-0B217BA02C5D}"
EndProject
Project("{FAE04EC0-301F-11D3-BF4B-00C04F79EFBC}") = "ValueManagement.Tests", "..\ValueManagement.Test\ValueManagement.Tests.csproj", "{77157B15-11ED-4274-B280-D1F769F73FEB}"
EndProject
Project("{FAE04EC0-301F-11D3-BF4B-00C04F79EFBC}") = "SetupODataSampleEnvironment", "SetupODataSampleEnvironment\SetupODataSampleEnvironment.csproj", "{14CABF67-750E-47D8-A7F1-F15B11ADB0A7}"
EndProject
Project("{FAE04EC0-301F-11D3-BF4B-00C04F79EFBC}") = "CentralServerService.Tests", "..\CentralServerService.Test\CentralServerService.Tests.csproj", "{8AF11F43-9B43-418C-884D-91B76126F281}"
EndProject
Project("{FAE04EC0-301F-11D3-BF4B-00C04F79EFBC}") = "Device.Simulator.HttpRest", "..\Device.PullSensorSimulator\Device.Simulator.HttpRest.csproj", "{627BD780-0514-48D7-A164-0336830136A9}"
EndProject
Project("{FAE04EC0-301F-11D3-BF4B-00C04F79EFBC}") = "GatewayService.LoadTest", "..\GatewayServiceCommunicator\GatewayService.LoadTest.csproj", "{B77A2BD3-F620-4244-9766-25E9DCA234C8}"
EndProject
Project("{FAE04EC0-301F-11D3-BF4B-00C04F79EFBC}") = "DeviceServer.Simulator", "..\DeviceSimulator\DeviceServer.Simulator.csproj", "{7673E500-DA5E-4302-BB79-1EBBE72F78FC}"
EndProject
Project("{FAE04EC0-301F-11D3-BF4B-00C04F79EFBC}") = "TrackingPoint", "TrackingPoint\TrackingPoint.csproj", "{E6129EAC-6F12-44F6-BC5D-50C41A27C02A}"
EndProject
Project("{FAE04EC0-301F-11D3-BF4B-00C04F79EFBC}") = "TrackingPoint.Tests", "TrackingPoint.Tests\TrackingPoint.Tests.csproj", "{AB3200C6-0B1C-46E1-BD35-D2405079367C}"
EndProject
Project("{FAE04EC0-301F-11D3-BF4B-00C04F79EFBC}") = "MsmqSensorTask", "..\MsmqSensorTask\MsmqSensorTask.csproj", "{B457D01B-7597-4D82-B4A2-D73612773476}"
EndProject
Project("{FAE04EC0-301F-11D3-BF4B-00C04F79EFBC}") = "WriteActuatorValues", "..\Tests\WriteActuatorValues\WriteActuatorValues\WriteActuatorValues.csproj", "{01336409-D6B9-4E5E-A909-486B11423176}"
EndProject
Project("{FAE04EC0-301F-11D3-BF4B-00C04F79EFBC}") = "CentralServerService.OData", "..\CentralServerService.OData\CentralServerService.OData.csproj", "{95025C81-3CE9-4EDB-A570-562C97D48870}"
EndProject
Project("{FAE04EC0-301F-11D3-BF4B-00C04F79EFBC}") = "OdataConsoleConsumer", "..\Tests\OdataConsoleConsumer\OdataConsoleConsumer.csproj", "{8AB5BB77-66AB-4A0D-99AF-0C9D3D3E9B43}"
EndProject
Global
	GlobalSection(SolutionConfigurationPlatforms) = preSolution
		Debug|Any CPU = Debug|Any CPU
		Debug|Mixed Platforms = Debug|Mixed Platforms
		Debug|x64 = Debug|x64
		Debug|x86 = Debug|x86
		Release|Any CPU = Release|Any CPU
		Release|Mixed Platforms = Release|Mixed Platforms
		Release|x64 = Release|x64
		Release|x86 = Release|x86
	EndGlobalSection
	GlobalSection(ProjectConfigurationPlatforms) = postSolution
		{080B3342-8376-46D3-BD1B-6109009DA984}.Debug|Any CPU.ActiveCfg = Debug|x86
		{080B3342-8376-46D3-BD1B-6109009DA984}.Debug|Any CPU.Build.0 = Debug|x86
		{080B3342-8376-46D3-BD1B-6109009DA984}.Debug|Mixed Platforms.ActiveCfg = Debug|Any CPU
		{080B3342-8376-46D3-BD1B-6109009DA984}.Debug|Mixed Platforms.Build.0 = Debug|Any CPU
		{080B3342-8376-46D3-BD1B-6109009DA984}.Debug|x64.ActiveCfg = Debug|Any CPU
		{080B3342-8376-46D3-BD1B-6109009DA984}.Debug|x86.ActiveCfg = Debug|x86
		{080B3342-8376-46D3-BD1B-6109009DA984}.Debug|x86.Build.0 = Debug|x86
		{080B3342-8376-46D3-BD1B-6109009DA984}.Release|Any CPU.ActiveCfg = Release|Any CPU
		{080B3342-8376-46D3-BD1B-6109009DA984}.Release|Any CPU.Build.0 = Release|Any CPU
		{080B3342-8376-46D3-BD1B-6109009DA984}.Release|Mixed Platforms.ActiveCfg = Release|Any CPU
		{080B3342-8376-46D3-BD1B-6109009DA984}.Release|Mixed Platforms.Build.0 = Release|Any CPU
		{080B3342-8376-46D3-BD1B-6109009DA984}.Release|x64.ActiveCfg = Release|Any CPU
		{080B3342-8376-46D3-BD1B-6109009DA984}.Release|x86.ActiveCfg = Release|Any CPU
		{E7B28E42-5739-4CF5-9FAD-59DADED57A2A}.Debug|Any CPU.ActiveCfg = Debug|x86
		{E7B28E42-5739-4CF5-9FAD-59DADED57A2A}.Debug|Any CPU.Build.0 = Debug|x86
		{E7B28E42-5739-4CF5-9FAD-59DADED57A2A}.Debug|Mixed Platforms.ActiveCfg = Debug|Any CPU
		{E7B28E42-5739-4CF5-9FAD-59DADED57A2A}.Debug|Mixed Platforms.Build.0 = Debug|Any CPU
		{E7B28E42-5739-4CF5-9FAD-59DADED57A2A}.Debug|Mixed Platforms.Deploy.0 = Debug|Any CPU
		{E7B28E42-5739-4CF5-9FAD-59DADED57A2A}.Debug|x64.ActiveCfg = Debug|Any CPU
		{E7B28E42-5739-4CF5-9FAD-59DADED57A2A}.Debug|x86.ActiveCfg = Debug|x86
		{E7B28E42-5739-4CF5-9FAD-59DADED57A2A}.Debug|x86.Build.0 = Debug|x86
		{E7B28E42-5739-4CF5-9FAD-59DADED57A2A}.Release|Any CPU.ActiveCfg = Release|Any CPU
		{E7B28E42-5739-4CF5-9FAD-59DADED57A2A}.Release|Any CPU.Build.0 = Release|Any CPU
		{E7B28E42-5739-4CF5-9FAD-59DADED57A2A}.Release|Mixed Platforms.ActiveCfg = Release|Any CPU
		{E7B28E42-5739-4CF5-9FAD-59DADED57A2A}.Release|Mixed Platforms.Build.0 = Release|Any CPU
		{E7B28E42-5739-4CF5-9FAD-59DADED57A2A}.Release|x64.ActiveCfg = Release|Any CPU
		{E7B28E42-5739-4CF5-9FAD-59DADED57A2A}.Release|x86.ActiveCfg = Release|Any CPU
		{B31F65A1-BA3A-420B-AFA6-4EEB8F2123B8}.Debug|Any CPU.ActiveCfg = Debug|Any CPU
		{B31F65A1-BA3A-420B-AFA6-4EEB8F2123B8}.Debug|Any CPU.Build.0 = Debug|Any CPU
		{B31F65A1-BA3A-420B-AFA6-4EEB8F2123B8}.Debug|Mixed Platforms.ActiveCfg = Debug|Any CPU
		{B31F65A1-BA3A-420B-AFA6-4EEB8F2123B8}.Debug|Mixed Platforms.Build.0 = Debug|Any CPU
		{B31F65A1-BA3A-420B-AFA6-4EEB8F2123B8}.Debug|Mixed Platforms.Deploy.0 = Debug|Any CPU
		{B31F65A1-BA3A-420B-AFA6-4EEB8F2123B8}.Debug|x64.ActiveCfg = Debug|Any CPU
		{B31F65A1-BA3A-420B-AFA6-4EEB8F2123B8}.Debug|x86.ActiveCfg = Debug|x86
		{B31F65A1-BA3A-420B-AFA6-4EEB8F2123B8}.Debug|x86.Build.0 = Debug|x86
		{B31F65A1-BA3A-420B-AFA6-4EEB8F2123B8}.Release|Any CPU.ActiveCfg = Release|Any CPU
		{B31F65A1-BA3A-420B-AFA6-4EEB8F2123B8}.Release|Any CPU.Build.0 = Release|Any CPU
		{B31F65A1-BA3A-420B-AFA6-4EEB8F2123B8}.Release|Mixed Platforms.ActiveCfg = Release|Any CPU
		{B31F65A1-BA3A-420B-AFA6-4EEB8F2123B8}.Release|Mixed Platforms.Build.0 = Release|Any CPU
		{B31F65A1-BA3A-420B-AFA6-4EEB8F2123B8}.Release|x64.ActiveCfg = Release|Any CPU
		{B31F65A1-BA3A-420B-AFA6-4EEB8F2123B8}.Release|x86.ActiveCfg = Release|Any CPU
		{B49B59E3-5208-46B6-9E1D-FA3C276E98FF}.Debug|Any CPU.ActiveCfg = Debug|x86
		{B49B59E3-5208-46B6-9E1D-FA3C276E98FF}.Debug|Any CPU.Build.0 = Debug|x86
		{B49B59E3-5208-46B6-9E1D-FA3C276E98FF}.Debug|Mixed Platforms.ActiveCfg = Debug|Any CPU
		{B49B59E3-5208-46B6-9E1D-FA3C276E98FF}.Debug|Mixed Platforms.Build.0 = Debug|Any CPU
		{B49B59E3-5208-46B6-9E1D-FA3C276E98FF}.Debug|Mixed Platforms.Deploy.0 = Debug|Any CPU
		{B49B59E3-5208-46B6-9E1D-FA3C276E98FF}.Debug|x64.ActiveCfg = Debug|Any CPU
		{B49B59E3-5208-46B6-9E1D-FA3C276E98FF}.Debug|x86.ActiveCfg = Debug|x86
		{B49B59E3-5208-46B6-9E1D-FA3C276E98FF}.Debug|x86.Build.0 = Debug|x86
		{B49B59E3-5208-46B6-9E1D-FA3C276E98FF}.Release|Any CPU.ActiveCfg = Release|Any CPU
		{B49B59E3-5208-46B6-9E1D-FA3C276E98FF}.Release|Any CPU.Build.0 = Release|Any CPU
		{B49B59E3-5208-46B6-9E1D-FA3C276E98FF}.Release|Mixed Platforms.ActiveCfg = Release|Any CPU
		{B49B59E3-5208-46B6-9E1D-FA3C276E98FF}.Release|Mixed Platforms.Build.0 = Release|Any CPU
		{B49B59E3-5208-46B6-9E1D-FA3C276E98FF}.Release|x64.ActiveCfg = Release|Any CPU
		{B49B59E3-5208-46B6-9E1D-FA3C276E98FF}.Release|x86.ActiveCfg = Release|Any CPU
		{DB523EC2-9D56-4704-B147-BA69DAA47405}.Debug|Any CPU.ActiveCfg = Debug|Any CPU
		{DB523EC2-9D56-4704-B147-BA69DAA47405}.Debug|Any CPU.Build.0 = Debug|Any CPU
		{DB523EC2-9D56-4704-B147-BA69DAA47405}.Debug|Mixed Platforms.ActiveCfg = Debug|Any CPU
		{DB523EC2-9D56-4704-B147-BA69DAA47405}.Debug|Mixed Platforms.Build.0 = Debug|Any CPU
		{DB523EC2-9D56-4704-B147-BA69DAA47405}.Debug|x64.ActiveCfg = Debug|Any CPU
		{DB523EC2-9D56-4704-B147-BA69DAA47405}.Debug|x86.ActiveCfg = Debug|Any CPU
		{DB523EC2-9D56-4704-B147-BA69DAA47405}.Release|Any CPU.ActiveCfg = Release|Any CPU
		{DB523EC2-9D56-4704-B147-BA69DAA47405}.Release|Any CPU.Build.0 = Release|Any CPU
		{DB523EC2-9D56-4704-B147-BA69DAA47405}.Release|Mixed Platforms.ActiveCfg = Release|Any CPU
		{DB523EC2-9D56-4704-B147-BA69DAA47405}.Release|Mixed Platforms.Build.0 = Release|Any CPU
		{DB523EC2-9D56-4704-B147-BA69DAA47405}.Release|x64.ActiveCfg = Release|Any CPU
		{DB523EC2-9D56-4704-B147-BA69DAA47405}.Release|x86.ActiveCfg = Release|Any CPU
		{207E91B1-C9F8-4913-88E1-3549EF5F3273}.Debug|Any CPU.ActiveCfg = Debug|Any CPU
		{207E91B1-C9F8-4913-88E1-3549EF5F3273}.Debug|Any CPU.Build.0 = Debug|Any CPU
		{207E91B1-C9F8-4913-88E1-3549EF5F3273}.Debug|Mixed Platforms.ActiveCfg = Debug|Any CPU
		{207E91B1-C9F8-4913-88E1-3549EF5F3273}.Debug|Mixed Platforms.Build.0 = Debug|Any CPU
		{207E91B1-C9F8-4913-88E1-3549EF5F3273}.Debug|x64.ActiveCfg = Debug|Any CPU
		{207E91B1-C9F8-4913-88E1-3549EF5F3273}.Debug|x86.ActiveCfg = Debug|x86
		{207E91B1-C9F8-4913-88E1-3549EF5F3273}.Debug|x86.Build.0 = Debug|x86
		{207E91B1-C9F8-4913-88E1-3549EF5F3273}.Release|Any CPU.ActiveCfg = Release|Any CPU
		{207E91B1-C9F8-4913-88E1-3549EF5F3273}.Release|Any CPU.Build.0 = Release|Any CPU
		{207E91B1-C9F8-4913-88E1-3549EF5F3273}.Release|Mixed Platforms.ActiveCfg = Release|Any CPU
		{207E91B1-C9F8-4913-88E1-3549EF5F3273}.Release|Mixed Platforms.Build.0 = Release|Any CPU
		{207E91B1-C9F8-4913-88E1-3549EF5F3273}.Release|x64.ActiveCfg = Release|Any CPU
		{207E91B1-C9F8-4913-88E1-3549EF5F3273}.Release|x86.ActiveCfg = Release|Any CPU
		{71EFCEE4-0F4C-410E-9328-A9E9C3805FAB}.Debug|Any CPU.ActiveCfg = Debug|x86
		{71EFCEE4-0F4C-410E-9328-A9E9C3805FAB}.Debug|Any CPU.Build.0 = Debug|x86
		{71EFCEE4-0F4C-410E-9328-A9E9C3805FAB}.Debug|Mixed Platforms.ActiveCfg = Debug|Any CPU
		{71EFCEE4-0F4C-410E-9328-A9E9C3805FAB}.Debug|Mixed Platforms.Build.0 = Debug|Any CPU
		{71EFCEE4-0F4C-410E-9328-A9E9C3805FAB}.Debug|x64.ActiveCfg = Debug|Any CPU
		{71EFCEE4-0F4C-410E-9328-A9E9C3805FAB}.Debug|x86.ActiveCfg = Debug|x86
		{71EFCEE4-0F4C-410E-9328-A9E9C3805FAB}.Debug|x86.Build.0 = Debug|x86
		{71EFCEE4-0F4C-410E-9328-A9E9C3805FAB}.Release|Any CPU.ActiveCfg = Release|Any CPU
		{71EFCEE4-0F4C-410E-9328-A9E9C3805FAB}.Release|Any CPU.Build.0 = Release|Any CPU
		{71EFCEE4-0F4C-410E-9328-A9E9C3805FAB}.Release|Mixed Platforms.ActiveCfg = Release|Any CPU
		{71EFCEE4-0F4C-410E-9328-A9E9C3805FAB}.Release|Mixed Platforms.Build.0 = Release|Any CPU
		{71EFCEE4-0F4C-410E-9328-A9E9C3805FAB}.Release|x64.ActiveCfg = Release|Any CPU
		{71EFCEE4-0F4C-410E-9328-A9E9C3805FAB}.Release|x86.ActiveCfg = Release|Any CPU
		{BF94675D-8E1C-482E-A728-B2688C5D1855}.Debug|Any CPU.ActiveCfg = Debug|Any CPU
		{BF94675D-8E1C-482E-A728-B2688C5D1855}.Debug|Any CPU.Build.0 = Debug|Any CPU
		{BF94675D-8E1C-482E-A728-B2688C5D1855}.Debug|Mixed Platforms.ActiveCfg = Debug|Any CPU
		{BF94675D-8E1C-482E-A728-B2688C5D1855}.Debug|Mixed Platforms.Build.0 = Debug|Any CPU
		{BF94675D-8E1C-482E-A728-B2688C5D1855}.Debug|x64.ActiveCfg = Debug|Any CPU
		{BF94675D-8E1C-482E-A728-B2688C5D1855}.Debug|x86.ActiveCfg = Debug|Any CPU
		{BF94675D-8E1C-482E-A728-B2688C5D1855}.Release|Any CPU.ActiveCfg = Release|Any CPU
		{BF94675D-8E1C-482E-A728-B2688C5D1855}.Release|Any CPU.Build.0 = Release|Any CPU
		{BF94675D-8E1C-482E-A728-B2688C5D1855}.Release|Mixed Platforms.ActiveCfg = Release|Any CPU
		{BF94675D-8E1C-482E-A728-B2688C5D1855}.Release|Mixed Platforms.Build.0 = Release|Any CPU
		{BF94675D-8E1C-482E-A728-B2688C5D1855}.Release|x64.ActiveCfg = Release|Any CPU
		{BF94675D-8E1C-482E-A728-B2688C5D1855}.Release|x86.ActiveCfg = Release|Any CPU
		{1E3C334D-8FAC-46F4-8CE5-286B4600289E}.Debug|Any CPU.ActiveCfg = Debug|Any CPU
		{1E3C334D-8FAC-46F4-8CE5-286B4600289E}.Debug|Any CPU.Build.0 = Debug|Any CPU
		{1E3C334D-8FAC-46F4-8CE5-286B4600289E}.Debug|Mixed Platforms.ActiveCfg = Debug|Any CPU
		{1E3C334D-8FAC-46F4-8CE5-286B4600289E}.Debug|Mixed Platforms.Build.0 = Debug|Any CPU
		{1E3C334D-8FAC-46F4-8CE5-286B4600289E}.Debug|x64.ActiveCfg = Debug|Any CPU
		{1E3C334D-8FAC-46F4-8CE5-286B4600289E}.Debug|x86.ActiveCfg = Debug|Any CPU
		{1E3C334D-8FAC-46F4-8CE5-286B4600289E}.Release|Any CPU.ActiveCfg = Release|Any CPU
		{1E3C334D-8FAC-46F4-8CE5-286B4600289E}.Release|Any CPU.Build.0 = Release|Any CPU
		{1E3C334D-8FAC-46F4-8CE5-286B4600289E}.Release|Mixed Platforms.ActiveCfg = Release|Any CPU
		{1E3C334D-8FAC-46F4-8CE5-286B4600289E}.Release|Mixed Platforms.Build.0 = Release|Any CPU
		{1E3C334D-8FAC-46F4-8CE5-286B4600289E}.Release|x64.ActiveCfg = Release|Any CPU
		{1E3C334D-8FAC-46F4-8CE5-286B4600289E}.Release|x86.ActiveCfg = Release|Any CPU
		{BCA5EFCB-DACD-4FE1-A538-4B709692FAD5}.Debug|Any CPU.ActiveCfg = Debug|x86
		{BCA5EFCB-DACD-4FE1-A538-4B709692FAD5}.Debug|Any CPU.Build.0 = Debug|x86
		{BCA5EFCB-DACD-4FE1-A538-4B709692FAD5}.Debug|Mixed Platforms.ActiveCfg = Debug|x86
		{BCA5EFCB-DACD-4FE1-A538-4B709692FAD5}.Debug|Mixed Platforms.Build.0 = Debug|x86
		{BCA5EFCB-DACD-4FE1-A538-4B709692FAD5}.Debug|x64.ActiveCfg = Debug|x86
		{BCA5EFCB-DACD-4FE1-A538-4B709692FAD5}.Debug|x86.ActiveCfg = Debug|x86
		{BCA5EFCB-DACD-4FE1-A538-4B709692FAD5}.Debug|x86.Build.0 = Debug|x86
		{BCA5EFCB-DACD-4FE1-A538-4B709692FAD5}.Release|Any CPU.ActiveCfg = Release|x86
		{BCA5EFCB-DACD-4FE1-A538-4B709692FAD5}.Release|Mixed Platforms.ActiveCfg = Release|x86
		{BCA5EFCB-DACD-4FE1-A538-4B709692FAD5}.Release|Mixed Platforms.Build.0 = Release|x86
		{BCA5EFCB-DACD-4FE1-A538-4B709692FAD5}.Release|x64.ActiveCfg = Release|x86
		{BCA5EFCB-DACD-4FE1-A538-4B709692FAD5}.Release|x86.ActiveCfg = Release|x86
		{BCA5EFCB-DACD-4FE1-A538-4B709692FAD5}.Release|x86.Build.0 = Release|x86
		{E67B47C9-8FE6-470A-BD7E-34D301E0482D}.Debug|Any CPU.ActiveCfg = Debug|Any CPU
		{E67B47C9-8FE6-470A-BD7E-34D301E0482D}.Debug|Any CPU.Build.0 = Debug|Any CPU
		{E67B47C9-8FE6-470A-BD7E-34D301E0482D}.Debug|Mixed Platforms.ActiveCfg = Debug|Any CPU
		{E67B47C9-8FE6-470A-BD7E-34D301E0482D}.Debug|Mixed Platforms.Build.0 = Debug|Any CPU
		{E67B47C9-8FE6-470A-BD7E-34D301E0482D}.Debug|x64.ActiveCfg = Debug|Any CPU
		{E67B47C9-8FE6-470A-BD7E-34D301E0482D}.Debug|x86.ActiveCfg = Debug|Any CPU
		{E67B47C9-8FE6-470A-BD7E-34D301E0482D}.Release|Any CPU.ActiveCfg = Release|Any CPU
		{E67B47C9-8FE6-470A-BD7E-34D301E0482D}.Release|Any CPU.Build.0 = Release|Any CPU
		{E67B47C9-8FE6-470A-BD7E-34D301E0482D}.Release|Mixed Platforms.ActiveCfg = Release|Any CPU
		{E67B47C9-8FE6-470A-BD7E-34D301E0482D}.Release|Mixed Platforms.Build.0 = Release|Any CPU
		{E67B47C9-8FE6-470A-BD7E-34D301E0482D}.Release|x64.ActiveCfg = Release|Any CPU
		{E67B47C9-8FE6-470A-BD7E-34D301E0482D}.Release|x86.ActiveCfg = Release|Any CPU
		{D8083FD3-E49A-4DB1-8B92-C6F74E183419}.Debug|Any CPU.ActiveCfg = Debug|Any CPU
		{D8083FD3-E49A-4DB1-8B92-C6F74E183419}.Debug|Any CPU.Build.0 = Debug|Any CPU
		{D8083FD3-E49A-4DB1-8B92-C6F74E183419}.Debug|Mixed Platforms.ActiveCfg = Debug|x86
		{D8083FD3-E49A-4DB1-8B92-C6F74E183419}.Debug|Mixed Platforms.Build.0 = Debug|x86
		{D8083FD3-E49A-4DB1-8B92-C6F74E183419}.Debug|x64.ActiveCfg = Debug|x64
		{D8083FD3-E49A-4DB1-8B92-C6F74E183419}.Debug|x64.Build.0 = Debug|x64
		{D8083FD3-E49A-4DB1-8B92-C6F74E183419}.Debug|x86.ActiveCfg = Debug|x86
		{D8083FD3-E49A-4DB1-8B92-C6F74E183419}.Debug|x86.Build.0 = Debug|x86
		{D8083FD3-E49A-4DB1-8B92-C6F74E183419}.Release|Any CPU.ActiveCfg = Release|Any CPU
		{D8083FD3-E49A-4DB1-8B92-C6F74E183419}.Release|Any CPU.Build.0 = Release|Any CPU
		{D8083FD3-E49A-4DB1-8B92-C6F74E183419}.Release|Mixed Platforms.ActiveCfg = Release|x86
		{D8083FD3-E49A-4DB1-8B92-C6F74E183419}.Release|Mixed Platforms.Build.0 = Release|x86
		{D8083FD3-E49A-4DB1-8B92-C6F74E183419}.Release|x64.ActiveCfg = Release|x64
		{D8083FD3-E49A-4DB1-8B92-C6F74E183419}.Release|x64.Build.0 = Release|x64
		{D8083FD3-E49A-4DB1-8B92-C6F74E183419}.Release|x86.ActiveCfg = Release|x86
		{D8083FD3-E49A-4DB1-8B92-C6F74E183419}.Release|x86.Build.0 = Release|x86
		{502A852C-690F-4716-8E64-04405C8A367D}.Debug|Any CPU.ActiveCfg = Debug|Any CPU
		{502A852C-690F-4716-8E64-04405C8A367D}.Debug|Any CPU.Build.0 = Debug|Any CPU
		{502A852C-690F-4716-8E64-04405C8A367D}.Debug|Mixed Platforms.ActiveCfg = Debug|Any CPU
		{502A852C-690F-4716-8E64-04405C8A367D}.Debug|Mixed Platforms.Build.0 = Debug|Any CPU
		{502A852C-690F-4716-8E64-04405C8A367D}.Debug|x64.ActiveCfg = Debug|Any CPU
		{502A852C-690F-4716-8E64-04405C8A367D}.Debug|x86.ActiveCfg = Debug|Any CPU
		{502A852C-690F-4716-8E64-04405C8A367D}.Release|Any CPU.ActiveCfg = Release|Any CPU
		{502A852C-690F-4716-8E64-04405C8A367D}.Release|Any CPU.Build.0 = Release|Any CPU
		{502A852C-690F-4716-8E64-04405C8A367D}.Release|Mixed Platforms.ActiveCfg = Release|Any CPU
		{502A852C-690F-4716-8E64-04405C8A367D}.Release|Mixed Platforms.Build.0 = Release|Any CPU
		{502A852C-690F-4716-8E64-04405C8A367D}.Release|x64.ActiveCfg = Release|Any CPU
		{502A852C-690F-4716-8E64-04405C8A367D}.Release|x86.ActiveCfg = Release|Any CPU
		{3AF18E42-9BAE-4566-93E6-C4ECEDD05086}.Debug|Any CPU.ActiveCfg = Debug|Any CPU
		{3AF18E42-9BAE-4566-93E6-C4ECEDD05086}.Debug|Any CPU.Build.0 = Debug|Any CPU
		{3AF18E42-9BAE-4566-93E6-C4ECEDD05086}.Debug|Mixed Platforms.ActiveCfg = Debug|Any CPU
		{3AF18E42-9BAE-4566-93E6-C4ECEDD05086}.Debug|Mixed Platforms.Build.0 = Debug|Any CPU
		{3AF18E42-9BAE-4566-93E6-C4ECEDD05086}.Debug|x64.ActiveCfg = Debug|Any CPU
		{3AF18E42-9BAE-4566-93E6-C4ECEDD05086}.Debug|x86.ActiveCfg = Debug|Any CPU
		{3AF18E42-9BAE-4566-93E6-C4ECEDD05086}.Release|Any CPU.ActiveCfg = Release|Any CPU
		{3AF18E42-9BAE-4566-93E6-C4ECEDD05086}.Release|Any CPU.Build.0 = Release|Any CPU
		{3AF18E42-9BAE-4566-93E6-C4ECEDD05086}.Release|Mixed Platforms.ActiveCfg = Release|Any CPU
		{3AF18E42-9BAE-4566-93E6-C4ECEDD05086}.Release|Mixed Platforms.Build.0 = Release|Any CPU
		{3AF18E42-9BAE-4566-93E6-C4ECEDD05086}.Release|x64.ActiveCfg = Release|Any CPU
		{3AF18E42-9BAE-4566-93E6-C4ECEDD05086}.Release|x86.ActiveCfg = Release|Any CPU
		{8F00DBE0-FC7D-4FB5-B367-0B217BA02C5D}.Debug|Any CPU.ActiveCfg = Debug|Any CPU
		{8F00DBE0-FC7D-4FB5-B367-0B217BA02C5D}.Debug|Any CPU.Build.0 = Debug|Any CPU
		{8F00DBE0-FC7D-4FB5-B367-0B217BA02C5D}.Debug|Mixed Platforms.ActiveCfg = Debug|Any CPU
		{8F00DBE0-FC7D-4FB5-B367-0B217BA02C5D}.Debug|Mixed Platforms.Build.0 = Debug|Any CPU
		{8F00DBE0-FC7D-4FB5-B367-0B217BA02C5D}.Debug|x64.ActiveCfg = Debug|Any CPU
		{8F00DBE0-FC7D-4FB5-B367-0B217BA02C5D}.Debug|x86.ActiveCfg = Debug|Any CPU
		{8F00DBE0-FC7D-4FB5-B367-0B217BA02C5D}.Release|Any CPU.ActiveCfg = Release|Any CPU
		{8F00DBE0-FC7D-4FB5-B367-0B217BA02C5D}.Release|Any CPU.Build.0 = Release|Any CPU
		{8F00DBE0-FC7D-4FB5-B367-0B217BA02C5D}.Release|Mixed Platforms.ActiveCfg = Release|Any CPU
		{8F00DBE0-FC7D-4FB5-B367-0B217BA02C5D}.Release|Mixed Platforms.Build.0 = Release|Any CPU
		{8F00DBE0-FC7D-4FB5-B367-0B217BA02C5D}.Release|x64.ActiveCfg = Release|Any CPU
		{8F00DBE0-FC7D-4FB5-B367-0B217BA02C5D}.Release|x86.ActiveCfg = Release|Any CPU
		{77157B15-11ED-4274-B280-D1F769F73FEB}.Debug|Any CPU.ActiveCfg = Debug|Any CPU
		{77157B15-11ED-4274-B280-D1F769F73FEB}.Debug|Any CPU.Build.0 = Debug|Any CPU
		{77157B15-11ED-4274-B280-D1F769F73FEB}.Debug|Mixed Platforms.ActiveCfg = Debug|Any CPU
		{77157B15-11ED-4274-B280-D1F769F73FEB}.Debug|Mixed Platforms.Build.0 = Debug|Any CPU
		{77157B15-11ED-4274-B280-D1F769F73FEB}.Debug|x64.ActiveCfg = Debug|Any CPU
		{77157B15-11ED-4274-B280-D1F769F73FEB}.Debug|x86.ActiveCfg = Debug|Any CPU
		{77157B15-11ED-4274-B280-D1F769F73FEB}.Release|Any CPU.ActiveCfg = Release|Any CPU
		{77157B15-11ED-4274-B280-D1F769F73FEB}.Release|Any CPU.Build.0 = Release|Any CPU
		{77157B15-11ED-4274-B280-D1F769F73FEB}.Release|Mixed Platforms.ActiveCfg = Release|Any CPU
		{77157B15-11ED-4274-B280-D1F769F73FEB}.Release|Mixed Platforms.Build.0 = Release|Any CPU
		{77157B15-11ED-4274-B280-D1F769F73FEB}.Release|x64.ActiveCfg = Release|Any CPU
		{77157B15-11ED-4274-B280-D1F769F73FEB}.Release|x86.ActiveCfg = Release|Any CPU
		{14CABF67-750E-47D8-A7F1-F15B11ADB0A7}.Debug|Any CPU.ActiveCfg = Debug|Any CPU
		{14CABF67-750E-47D8-A7F1-F15B11ADB0A7}.Debug|Any CPU.Build.0 = Debug|Any CPU
		{14CABF67-750E-47D8-A7F1-F15B11ADB0A7}.Debug|Mixed Platforms.ActiveCfg = Debug|Any CPU
		{14CABF67-750E-47D8-A7F1-F15B11ADB0A7}.Debug|Mixed Platforms.Build.0 = Debug|Any CPU
		{14CABF67-750E-47D8-A7F1-F15B11ADB0A7}.Debug|x64.ActiveCfg = Debug|Any CPU
		{14CABF67-750E-47D8-A7F1-F15B11ADB0A7}.Debug|x86.ActiveCfg = Debug|Any CPU
		{14CABF67-750E-47D8-A7F1-F15B11ADB0A7}.Release|Any CPU.ActiveCfg = Release|Any CPU
		{14CABF67-750E-47D8-A7F1-F15B11ADB0A7}.Release|Any CPU.Build.0 = Release|Any CPU
		{14CABF67-750E-47D8-A7F1-F15B11ADB0A7}.Release|Mixed Platforms.ActiveCfg = Release|Any CPU
		{14CABF67-750E-47D8-A7F1-F15B11ADB0A7}.Release|Mixed Platforms.Build.0 = Release|Any CPU
		{14CABF67-750E-47D8-A7F1-F15B11ADB0A7}.Release|x64.ActiveCfg = Release|Any CPU
		{14CABF67-750E-47D8-A7F1-F15B11ADB0A7}.Release|x86.ActiveCfg = Release|Any CPU
		{8AF11F43-9B43-418C-884D-91B76126F281}.Debug|Any CPU.ActiveCfg = Debug|Any CPU
		{8AF11F43-9B43-418C-884D-91B76126F281}.Debug|Any CPU.Build.0 = Debug|Any CPU
		{8AF11F43-9B43-418C-884D-91B76126F281}.Debug|Any CPU.Deploy.0 = Debug|Any CPU
		{8AF11F43-9B43-418C-884D-91B76126F281}.Debug|Mixed Platforms.ActiveCfg = Debug|Any CPU
		{8AF11F43-9B43-418C-884D-91B76126F281}.Debug|Mixed Platforms.Build.0 = Debug|Any CPU
		{8AF11F43-9B43-418C-884D-91B76126F281}.Debug|x64.ActiveCfg = Debug|Any CPU
		{8AF11F43-9B43-418C-884D-91B76126F281}.Debug|x86.ActiveCfg = Debug|Any CPU
		{8AF11F43-9B43-418C-884D-91B76126F281}.Release|Any CPU.ActiveCfg = Release|Any CPU
		{8AF11F43-9B43-418C-884D-91B76126F281}.Release|Any CPU.Build.0 = Release|Any CPU
		{8AF11F43-9B43-418C-884D-91B76126F281}.Release|Mixed Platforms.ActiveCfg = Release|Any CPU
		{8AF11F43-9B43-418C-884D-91B76126F281}.Release|Mixed Platforms.Build.0 = Release|Any CPU
		{8AF11F43-9B43-418C-884D-91B76126F281}.Release|x64.ActiveCfg = Release|Any CPU
		{8AF11F43-9B43-418C-884D-91B76126F281}.Release|x86.ActiveCfg = Release|Any CPU
		{627BD780-0514-48D7-A164-0336830136A9}.Debug|Any CPU.ActiveCfg = Debug|Any CPU
		{627BD780-0514-48D7-A164-0336830136A9}.Debug|Any CPU.Build.0 = Debug|Any CPU
		{627BD780-0514-48D7-A164-0336830136A9}.Debug|Mixed Platforms.ActiveCfg = Debug|Any CPU
		{627BD780-0514-48D7-A164-0336830136A9}.Debug|Mixed Platforms.Build.0 = Debug|Any CPU
		{627BD780-0514-48D7-A164-0336830136A9}.Debug|x64.ActiveCfg = Debug|Any CPU
		{627BD780-0514-48D7-A164-0336830136A9}.Debug|x86.ActiveCfg = Debug|Any CPU
		{627BD780-0514-48D7-A164-0336830136A9}.Release|Any CPU.ActiveCfg = Release|Any CPU
		{627BD780-0514-48D7-A164-0336830136A9}.Release|Any CPU.Build.0 = Release|Any CPU
		{627BD780-0514-48D7-A164-0336830136A9}.Release|Mixed Platforms.ActiveCfg = Release|Any CPU
		{627BD780-0514-48D7-A164-0336830136A9}.Release|Mixed Platforms.Build.0 = Release|Any CPU
		{627BD780-0514-48D7-A164-0336830136A9}.Release|x64.ActiveCfg = Release|Any CPU
		{627BD780-0514-48D7-A164-0336830136A9}.Release|x86.ActiveCfg = Release|Any CPU
		{B77A2BD3-F620-4244-9766-25E9DCA234C8}.Debug|Any CPU.ActiveCfg = Debug|x86
		{B77A2BD3-F620-4244-9766-25E9DCA234C8}.Debug|Any CPU.Build.0 = Debug|x86
		{B77A2BD3-F620-4244-9766-25E9DCA234C8}.Debug|Mixed Platforms.ActiveCfg = Debug|x86
		{B77A2BD3-F620-4244-9766-25E9DCA234C8}.Debug|Mixed Platforms.Build.0 = Debug|x86
		{B77A2BD3-F620-4244-9766-25E9DCA234C8}.Debug|x64.ActiveCfg = Debug|x86
		{B77A2BD3-F620-4244-9766-25E9DCA234C8}.Debug|x86.ActiveCfg = Debug|x86
		{B77A2BD3-F620-4244-9766-25E9DCA234C8}.Debug|x86.Build.0 = Debug|x86
		{B77A2BD3-F620-4244-9766-25E9DCA234C8}.Release|Any CPU.ActiveCfg = Release|x86
		{B77A2BD3-F620-4244-9766-25E9DCA234C8}.Release|Mixed Platforms.ActiveCfg = Release|x86
		{B77A2BD3-F620-4244-9766-25E9DCA234C8}.Release|Mixed Platforms.Build.0 = Release|x86
		{B77A2BD3-F620-4244-9766-25E9DCA234C8}.Release|x64.ActiveCfg = Release|x86
		{B77A2BD3-F620-4244-9766-25E9DCA234C8}.Release|x86.ActiveCfg = Release|x86
		{B77A2BD3-F620-4244-9766-25E9DCA234C8}.Release|x86.Build.0 = Release|x86
		{7673E500-DA5E-4302-BB79-1EBBE72F78FC}.Debug|Any CPU.ActiveCfg = Debug|Any CPU
		{7673E500-DA5E-4302-BB79-1EBBE72F78FC}.Debug|Any CPU.Build.0 = Debug|Any CPU
		{7673E500-DA5E-4302-BB79-1EBBE72F78FC}.Debug|Mixed Platforms.ActiveCfg = Debug|Any CPU
		{7673E500-DA5E-4302-BB79-1EBBE72F78FC}.Debug|Mixed Platforms.Build.0 = Debug|Any CPU
		{7673E500-DA5E-4302-BB79-1EBBE72F78FC}.Debug|x64.ActiveCfg = Debug|Any CPU
		{7673E500-DA5E-4302-BB79-1EBBE72F78FC}.Debug|x86.ActiveCfg = Debug|Any CPU
		{7673E500-DA5E-4302-BB79-1EBBE72F78FC}.Release|Any CPU.ActiveCfg = Release|Any CPU
		{7673E500-DA5E-4302-BB79-1EBBE72F78FC}.Release|Any CPU.Build.0 = Release|Any CPU
		{7673E500-DA5E-4302-BB79-1EBBE72F78FC}.Release|Mixed Platforms.ActiveCfg = Release|Any CPU
		{7673E500-DA5E-4302-BB79-1EBBE72F78FC}.Release|Mixed Platforms.Build.0 = Release|Any CPU
		{7673E500-DA5E-4302-BB79-1EBBE72F78FC}.Release|x64.ActiveCfg = Release|Any CPU
		{7673E500-DA5E-4302-BB79-1EBBE72F78FC}.Release|x86.ActiveCfg = Release|Any CPU
		{E6129EAC-6F12-44F6-BC5D-50C41A27C02A}.Debug|Any CPU.ActiveCfg = Debug|Any CPU
		{E6129EAC-6F12-44F6-BC5D-50C41A27C02A}.Debug|Any CPU.Build.0 = Debug|Any CPU
		{E6129EAC-6F12-44F6-BC5D-50C41A27C02A}.Debug|Mixed Platforms.ActiveCfg = Debug|Any CPU
		{E6129EAC-6F12-44F6-BC5D-50C41A27C02A}.Debug|Mixed Platforms.Build.0 = Debug|Any CPU
		{E6129EAC-6F12-44F6-BC5D-50C41A27C02A}.Debug|x64.ActiveCfg = Debug|Any CPU
		{E6129EAC-6F12-44F6-BC5D-50C41A27C02A}.Debug|x86.ActiveCfg = Debug|Any CPU
		{E6129EAC-6F12-44F6-BC5D-50C41A27C02A}.Release|Any CPU.ActiveCfg = Release|Any CPU
		{E6129EAC-6F12-44F6-BC5D-50C41A27C02A}.Release|Any CPU.Build.0 = Release|Any CPU
		{E6129EAC-6F12-44F6-BC5D-50C41A27C02A}.Release|Mixed Platforms.ActiveCfg = Release|Any CPU
		{E6129EAC-6F12-44F6-BC5D-50C41A27C02A}.Release|Mixed Platforms.Build.0 = Release|Any CPU
		{E6129EAC-6F12-44F6-BC5D-50C41A27C02A}.Release|x64.ActiveCfg = Release|Any CPU
		{E6129EAC-6F12-44F6-BC5D-50C41A27C02A}.Release|x86.ActiveCfg = Release|Any CPU
		{AB3200C6-0B1C-46E1-BD35-D2405079367C}.Debug|Any CPU.ActiveCfg = Debug|Any CPU
		{AB3200C6-0B1C-46E1-BD35-D2405079367C}.Debug|Any CPU.Build.0 = Debug|Any CPU
		{AB3200C6-0B1C-46E1-BD35-D2405079367C}.Debug|Mixed Platforms.ActiveCfg = Debug|Any CPU
		{AB3200C6-0B1C-46E1-BD35-D2405079367C}.Debug|Mixed Platforms.Build.0 = Debug|Any CPU
		{AB3200C6-0B1C-46E1-BD35-D2405079367C}.Debug|x64.ActiveCfg = Debug|Any CPU
		{AB3200C6-0B1C-46E1-BD35-D2405079367C}.Debug|x86.ActiveCfg = Debug|Any CPU
		{AB3200C6-0B1C-46E1-BD35-D2405079367C}.Release|Any CPU.ActiveCfg = Release|Any CPU
		{AB3200C6-0B1C-46E1-BD35-D2405079367C}.Release|Any CPU.Build.0 = Release|Any CPU
		{AB3200C6-0B1C-46E1-BD35-D2405079367C}.Release|Mixed Platforms.ActiveCfg = Release|Any CPU
		{AB3200C6-0B1C-46E1-BD35-D2405079367C}.Release|Mixed Platforms.Build.0 = Release|Any CPU
		{AB3200C6-0B1C-46E1-BD35-D2405079367C}.Release|x64.ActiveCfg = Release|Any CPU
		{AB3200C6-0B1C-46E1-BD35-D2405079367C}.Release|x86.ActiveCfg = Release|Any CPU
		{B457D01B-7597-4D82-B4A2-D73612773476}.Debug|Any CPU.ActiveCfg = Debug|Any CPU
		{B457D01B-7597-4D82-B4A2-D73612773476}.Debug|Any CPU.Build.0 = Debug|Any CPU
		{B457D01B-7597-4D82-B4A2-D73612773476}.Debug|Mixed Platforms.ActiveCfg = Debug|Any CPU
		{B457D01B-7597-4D82-B4A2-D73612773476}.Debug|Mixed Platforms.Build.0 = Debug|Any CPU
		{B457D01B-7597-4D82-B4A2-D73612773476}.Debug|x64.ActiveCfg = Debug|Any CPU
		{B457D01B-7597-4D82-B4A2-D73612773476}.Debug|x86.ActiveCfg = Debug|Any CPU
		{B457D01B-7597-4D82-B4A2-D73612773476}.Release|Any CPU.ActiveCfg = Release|Any CPU
		{B457D01B-7597-4D82-B4A2-D73612773476}.Release|Any CPU.Build.0 = Release|Any CPU
		{B457D01B-7597-4D82-B4A2-D73612773476}.Release|Mixed Platforms.ActiveCfg = Release|Any CPU
		{B457D01B-7597-4D82-B4A2-D73612773476}.Release|Mixed Platforms.Build.0 = Release|Any CPU
		{B457D01B-7597-4D82-B4A2-D73612773476}.Release|x64.ActiveCfg = Release|Any CPU
		{B457D01B-7597-4D82-B4A2-D73612773476}.Release|x86.ActiveCfg = Release|Any CPU
		{01336409-D6B9-4E5E-A909-486B11423176}.Debug|Any CPU.ActiveCfg = Debug|Any CPU
		{01336409-D6B9-4E5E-A909-486B11423176}.Debug|Any CPU.Build.0 = Debug|Any CPU
		{01336409-D6B9-4E5E-A909-486B11423176}.Debug|Mixed Platforms.ActiveCfg = Debug|Any CPU
		{01336409-D6B9-4E5E-A909-486B11423176}.Debug|Mixed Platforms.Build.0 = Debug|Any CPU
		{01336409-D6B9-4E5E-A909-486B11423176}.Debug|x64.ActiveCfg = Debug|Any CPU
		{01336409-D6B9-4E5E-A909-486B11423176}.Debug|x86.ActiveCfg = Debug|Any CPU
		{01336409-D6B9-4E5E-A909-486B11423176}.Release|Any CPU.ActiveCfg = Release|Any CPU
		{01336409-D6B9-4E5E-A909-486B11423176}.Release|Any CPU.Build.0 = Release|Any CPU
		{01336409-D6B9-4E5E-A909-486B11423176}.Release|Mixed Platforms.ActiveCfg = Release|Any CPU
		{01336409-D6B9-4E5E-A909-486B11423176}.Release|Mixed Platforms.Build.0 = Release|Any CPU
		{01336409-D6B9-4E5E-A909-486B11423176}.Release|x64.ActiveCfg = Release|Any CPU
		{01336409-D6B9-4E5E-A909-486B11423176}.Release|x86.ActiveCfg = Release|Any CPU
		{95025C81-3CE9-4EDB-A570-562C97D48870}.Debug|Any CPU.ActiveCfg = Debug|Any CPU
		{95025C81-3CE9-4EDB-A570-562C97D48870}.Debug|Any CPU.Build.0 = Debug|Any CPU
		{95025C81-3CE9-4EDB-A570-562C97D48870}.Debug|Mixed Platforms.ActiveCfg = Debug|Any CPU
		{95025C81-3CE9-4EDB-A570-562C97D48870}.Debug|Mixed Platforms.Build.0 = Debug|Any CPU
		{95025C81-3CE9-4EDB-A570-562C97D48870}.Debug|x64.ActiveCfg = Debug|Any CPU
		{95025C81-3CE9-4EDB-A570-562C97D48870}.Debug|x86.ActiveCfg = Debug|Any CPU
		{95025C81-3CE9-4EDB-A570-562C97D48870}.Release|Any CPU.ActiveCfg = Release|Any CPU
		{95025C81-3CE9-4EDB-A570-562C97D48870}.Release|Any CPU.Build.0 = Release|Any CPU
		{95025C81-3CE9-4EDB-A570-562C97D48870}.Release|Mixed Platforms.ActiveCfg = Release|Any CPU
		{95025C81-3CE9-4EDB-A570-562C97D48870}.Release|Mixed Platforms.Build.0 = Release|Any CPU
		{95025C81-3CE9-4EDB-A570-562C97D48870}.Release|x64.ActiveCfg = Release|Any CPU
		{95025C81-3CE9-4EDB-A570-562C97D48870}.Release|x86.ActiveCfg = Release|Any CPU
		{8AB5BB77-66AB-4A0D-99AF-0C9D3D3E9B43}.Debug|Any CPU.ActiveCfg = Debug|Any CPU
		{8AB5BB77-66AB-4A0D-99AF-0C9D3D3E9B43}.Debug|Any CPU.Build.0 = Debug|Any CPU
		{8AB5BB77-66AB-4A0D-99AF-0C9D3D3E9B43}.Debug|Mixed Platforms.ActiveCfg = Debug|Any CPU
		{8AB5BB77-66AB-4A0D-99AF-0C9D3D3E9B43}.Debug|Mixed Platforms.Build.0 = Debug|Any CPU
		{8AB5BB77-66AB-4A0D-99AF-0C9D3D3E9B43}.Debug|x64.ActiveCfg = Debug|Any CPU
		{8AB5BB77-66AB-4A0D-99AF-0C9D3D3E9B43}.Debug|x86.ActiveCfg = Debug|Any CPU
		{8AB5BB77-66AB-4A0D-99AF-0C9D3D3E9B43}.Release|Any CPU.ActiveCfg = Release|Any CPU
		{8AB5BB77-66AB-4A0D-99AF-0C9D3D3E9B43}.Release|Any CPU.Build.0 = Release|Any CPU
		{8AB5BB77-66AB-4A0D-99AF-0C9D3D3E9B43}.Release|Mixed Platforms.ActiveCfg = Release|Any CPU
		{8AB5BB77-66AB-4A0D-99AF-0C9D3D3E9B43}.Release|Mixed Platforms.Build.0 = Release|Any CPU
		{8AB5BB77-66AB-4A0D-99AF-0C9D3D3E9B43}.Release|x64.ActiveCfg = Release|Any CPU
		{8AB5BB77-66AB-4A0D-99AF-0C9D3D3E9B43}.Release|x86.ActiveCfg = Release|Any CPU
	EndGlobalSection
	GlobalSection(SolutionProperties) = preSolution
		HideSolutionNode = FALSE
	EndGlobalSection
	GlobalSection(TeamFoundationVersionControl) = preSolution
		SccNumberOfProjects = 4
		SccEnterpriseProvider = {4CA58AB2-18FA-4F8D-95D4-32DDF27D184C}
		SccTeamFoundationServer = https://glienecke.visualstudio.com/
		SccProjectUniqueName0 = ..\\NetduionoHelpers\\NetduionoHelpers.csproj
		SccProjectName0 = ../NetduionoHelpers
		SccAuxPath0 = https://glienecke.visualstudio.com
		SccLocalPath0 = ..\\NetduionoHelpers
		SccProvider0 = {4CA58AB2-18FA-4F8D-95D4-32DDF27D184C}
		SccProjectUniqueName1 = DeviceServer.Base\\DeviceServer.Base.csproj
		SccProjectName1 = DeviceServer.Base
		SccAuxPath1 = https://glienecke.visualstudio.com
		SccLocalPath1 = DeviceServer.Base
		SccProvider1 = {4CA58AB2-18FA-4F8D-95D4-32DDF27D184C}
		SccProjectUniqueName2 = Gsiot.Server\\Gsiot.Server\\Gsiot.Server.csproj
		SccProjectName2 = Gsiot.Server/Gsiot.Server
		SccAuxPath2 = https://glienecke.visualstudio.com
		SccLocalPath2 = Gsiot.Server\\Gsiot.Server
		SccProvider2 = {4CA58AB2-18FA-4F8D-95D4-32DDF27D184C}
		SccProjectUniqueName3 = ..\\NetMF.CommonExtensions\\NetMF.CommonExtensions.csproj
		SccProjectName3 = ../NetMF.CommonExtensions
		SccAuxPath3 = https://glienecke.visualstudio.com
		SccLocalPath3 = ..\\NetMF.CommonExtensions
		SccProvider3 = {4CA58AB2-18FA-4F8D-95D4-32DDF27D184C}
	EndGlobalSection
	GlobalSection(TestCaseManagementSettings) = postSolution
		CategoryFile = DeviceServer.vsmdi
	EndGlobalSection
EndGlobal
